
Microsoft Visual Studio Solution File, Format Version 12.00
# Visual Studio Version 17
VisualStudioVersion = 17.4.33110.190
MinimumVisualStudioVersion = 10.0.40219.1
Project("{FAE04EC0-301F-11D3-BF4B-00C04F79EFBC}") = "CodeWarsChallenges", "CodeWarsChallenges\CodeWarsChallenges.csproj", "{D9635F69-201C-4E00-838C-71D02E2D9EFD}"
EndProject
Global
	GlobalSection(SolutionConfigurationPlatforms) = preSolution
		Debug|Any CPU = Debug|Any CPU
		Release|Any CPU = Release|Any CPU
	EndGlobalSection
	GlobalSection(ProjectConfigurationPlatforms) = postSolution
		{D9635F69-201C-4E00-838C-71D02E2D9EFD}.Debug|Any CPU.ActiveCfg = Debug|Any CPU
		{D9635F69-201C-4E00-838C-71D02E2D9EFD}.Debug|Any CPU.Build.0 = Debug|Any CPU
		{D9635F69-201C-4E00-838C-71D02E2D9EFD}.Release|Any CPU.ActiveCfg = Release|Any CPU
		{D9635F69-201C-4E00-838C-71D02E2D9EFD}.Release|Any CPU.Build.0 = Release|Any CPU
	EndGlobalSection
	GlobalSection(SolutionProperties) = preSolution
		HideSolutionNode = FALSE
	EndGlobalSection
	GlobalSection(ExtensibilityGlobals) = postSolution
		SolutionGuid = {EA8AAEB7-E296-4B24-840B-365A0D379377}
	EndGlobalSection
EndGlobal
